
Microsoft Visual Studio Solution File, Format Version 12.00
# Visual Studio Version 16
VisualStudioVersion = 16.0.29102.190
MinimumVisualStudioVersion = 10.0.40219.1
Project("{8BC9CEB8-8B4A-11D0-8D11-00A0C91BC942}") = "direct_3d", "direct_3d\direct_3d.vcxproj", "{1205E627-AFA4-4402-80F2-10C08F9D7ADD}"
EndProject
Global
	GlobalSection(SolutionConfigurationPlatforms) = preSolution
		Debug|x64 = Debug|x64
		Debug|x86 = Debug|x86
		Release|x64 = Release|x64
		Release|x86 = Release|x86
	EndGlobalSection
	GlobalSection(ProjectConfigurationPlatforms) = postSolution
		{1205E627-AFA4-4402-80F2-10C08F9D7ADD}.Debug|x64.ActiveCfg = Debug|x64
		{1205E627-AFA4-4402-80F2-10C08F9D7ADD}.Debug|x64.Build.0 = Debug|x64
		{1205E627-AFA4-4402-80F2-10C08F9D7ADD}.Debug|x86.ActiveCfg = Debug|Win32
		{1205E627-AFA4-4402-80F2-10C08F9D7ADD}.Debug|x86.Build.0 = Debug|Win32
		{1205E627-AFA4-4402-80F2-10C08F9D7ADD}.Release|x64.ActiveCfg = Release|x64
		{1205E627-AFA4-4402-80F2-10C08F9D7ADD}.Release|x64.Build.0 = Release|x64
		{1205E627-AFA4-4402-80F2-10C08F9D7ADD}.Release|x86.ActiveCfg = Release|Win32
		{1205E627-AFA4-4402-80F2-10C08F9D7ADD}.Release|x86.Build.0 = Release|Win32
	EndGlobalSection
	GlobalSection(SolutionProperties) = preSolution
		HideSolutionNode = FALSE
	EndGlobalSection
	GlobalSection(ExtensibilityGlobals) = postSolution
		SolutionGuid = {A9AA53D5-C0CE-4FF7-B5B6-C486A14C85A8}
	EndGlobalSection
EndGlobal
